
Microsoft Visual Studio Solution File, Format Version 12.00
# Visual Studio Version 17
VisualStudioVersion = 17.8.34511.84
MinimumVisualStudioVersion = 10.0.40219.1
Project("{8BC9CEB8-8B4A-11D0-8D11-00A0C91BC942}") = "spisochki", "spisochki\spisochki.vcxproj", "{BD2B803D-65A4-4335-B55D-57351386ECC4}"
EndProject
Project("{8BC9CEB8-8B4A-11D0-8D11-00A0C91BC942}") = "dve_svyazi_spisok", "dve_svyazi_spisok\dve_svyazi_spisok.vcxproj", "{4355B3C9-6123-4F77-9BF5-8D7C68B083B0}"
EndProject
Project("{8BC9CEB8-8B4A-11D0-8D11-00A0C91BC942}") = "zmeika", "zmeika\zmeika.vcxproj", "{CF9D4423-75C4-4735-83E9-59FD972BA580}"
EndProject
Project("{8BC9CEB8-8B4A-11D0-8D11-00A0C91BC942}") = "set", "set\set.vcxproj", "{60815238-ED86-41FB-AF54-90EBB3C22E4C}"
EndProject
Project("{8BC9CEB8-8B4A-11D0-8D11-00A0C91BC942}") = "mnoga potokav", "mnoga potokav\mnoga potokav.vcxproj", "{7EE3B1F1-4358-4705-B732-22B601F4DD48}"
EndProject
Project("{8BC9CEB8-8B4A-11D0-8D11-00A0C91BC942}") = "zadanie na mnogo potokav", "zadanie na mnogo potokav\zadanie na mnogo potokav.vcxproj", "{CCA8C5B0-134B-485B-AFBE-4E6D2D63CD85}"
EndProject
Project("{8BC9CEB8-8B4A-11D0-8D11-00A0C91BC942}") = "makrosi", "makrosi\makrosi.vcxproj", "{7B1E6F7E-3D87-4B50-A465-CFF2AB5E7A3A}"
EndProject
Project("{8BC9CEB8-8B4A-11D0-8D11-00A0C91BC942}") = "slovar", "slovar\slovar.vcxproj", "{25515181-0E14-4D20-B38F-12184CF763CF}"
EndProject
Project("{8BC9CEB8-8B4A-11D0-8D11-00A0C91BC942}") = "server", "server\server.vcxproj", "{885965D5-566D-47C1-A7B6-D86333F0ED9D}"
EndProject
Project("{8BC9CEB8-8B4A-11D0-8D11-00A0C91BC942}") = "pryam server", "pryam server\pryam server.vcxproj", "{F6CB22D1-B2C5-4260-BBA2-8CEBEB5F3D0B}"
EndProject
Project("{8BC9CEB8-8B4A-11D0-8D11-00A0C91BC942}") = "static method", "static method\static method.vcxproj", "{D717BB06-FF1B-4DCB-911B-69B3C33B967C}"
EndProject
Project("{8BC9CEB8-8B4A-11D0-8D11-00A0C91BC942}") = "shifrovanie", "shifrovanie\shifrovanie.vcxproj", "{77C9094A-C9FF-44D3-A84B-6A7355A7981B}"
EndProject
Project("{8BC9CEB8-8B4A-11D0-8D11-00A0C91BC942}") = "krestiki noliki", "krestiki noliki\krestiki noliki.vcxproj", "{ABFF58F8-672B-4D87-A36D-4BCCD7980208}"
EndProject
Project("{8BC9CEB8-8B4A-11D0-8D11-00A0C91BC942}") = "teamplate", "teamplate\teamplate.vcxproj", "{4150A804-E15D-49F9-AD98-F27CDF707333}"
EndProject
Project("{8BC9CEB8-8B4A-11D0-8D11-00A0C91BC942}") = "teamplate2", "teamplate2\teamplate2.vcxproj", "{99FEFE72-3CBD-4E1B-B561-FD7D69026E1E}"
EndProject
Project("{8BC9CEB8-8B4A-11D0-8D11-00A0C91BC942}") = "teample3", "teample3\teample3.vcxproj", "{04243ABC-9FE7-4F82-B980-14174FB74516}"
EndProject
Project("{8BC9CEB8-8B4A-11D0-8D11-00A0C91BC942}") = "app", "app\app.vcxproj", "{7447C6C8-49DB-4298-9C5D-71064B15AC3F}"
EndProject
Project("{8BC9CEB8-8B4A-11D0-8D11-00A0C91BC942}") = "main_substr", "main_substr\main_substr.vcxproj", "{036CF041-202C-4481-AD03-0C8437B8EA20}"
EndProject
Project("{8BC9CEB8-8B4A-11D0-8D11-00A0C91BC942}") = "class", "class\class.vcxproj", "{C56A0B6F-C484-48B3-9940-FBA667B58A42}"
EndProject
Project("{8BC9CEB8-8B4A-11D0-8D11-00A0C91BC942}") = "polimorfizm", "polimorfizm\polimorfizm.vcxproj", "{B548FCA9-3E59-4FB3-AA00-AE0DABC8A259}"
EndProject
Project("{8BC9CEB8-8B4A-11D0-8D11-00A0C91BC942}") = "iskl", "iskl\iskl.vcxproj", "{19D88306-31B3-408F-BD9A-1C163B0BFECB}"
EndProject
Project("{8BC9CEB8-8B4A-11D0-8D11-00A0C91BC942}") = "magazin", "magazin\magazin.vcxproj", "{108FA7E5-1E2D-4BC4-AB5A-5893B3BA4860}"
EndProject
Global
	GlobalSection(SolutionConfigurationPlatforms) = preSolution
		Debug|x64 = Debug|x64
		Debug|x86 = Debug|x86
		Release|x64 = Release|x64
		Release|x86 = Release|x86
	EndGlobalSection
	GlobalSection(ProjectConfigurationPlatforms) = postSolution
		{BD2B803D-65A4-4335-B55D-57351386ECC4}.Debug|x64.ActiveCfg = Debug|x64
		{BD2B803D-65A4-4335-B55D-57351386ECC4}.Debug|x64.Build.0 = Debug|x64
		{BD2B803D-65A4-4335-B55D-57351386ECC4}.Debug|x86.ActiveCfg = Debug|Win32
		{BD2B803D-65A4-4335-B55D-57351386ECC4}.Debug|x86.Build.0 = Debug|Win32
		{BD2B803D-65A4-4335-B55D-57351386ECC4}.Release|x64.ActiveCfg = Release|x64
		{BD2B803D-65A4-4335-B55D-57351386ECC4}.Release|x64.Build.0 = Release|x64
		{BD2B803D-65A4-4335-B55D-57351386ECC4}.Release|x86.ActiveCfg = Release|Win32
		{BD2B803D-65A4-4335-B55D-57351386ECC4}.Release|x86.Build.0 = Release|Win32
		{4355B3C9-6123-4F77-9BF5-8D7C68B083B0}.Debug|x64.ActiveCfg = Debug|x64
		{4355B3C9-6123-4F77-9BF5-8D7C68B083B0}.Debug|x64.Build.0 = Debug|x64
		{4355B3C9-6123-4F77-9BF5-8D7C68B083B0}.Debug|x86.ActiveCfg = Debug|Win32
		{4355B3C9-6123-4F77-9BF5-8D7C68B083B0}.Debug|x86.Build.0 = Debug|Win32
		{4355B3C9-6123-4F77-9BF5-8D7C68B083B0}.Release|x64.ActiveCfg = Release|x64
		{4355B3C9-6123-4F77-9BF5-8D7C68B083B0}.Release|x64.Build.0 = Release|x64
		{4355B3C9-6123-4F77-9BF5-8D7C68B083B0}.Release|x86.ActiveCfg = Release|Win32
		{4355B3C9-6123-4F77-9BF5-8D7C68B083B0}.Release|x86.Build.0 = Release|Win32
		{CF9D4423-75C4-4735-83E9-59FD972BA580}.Debug|x64.ActiveCfg = Debug|x64
		{CF9D4423-75C4-4735-83E9-59FD972BA580}.Debug|x64.Build.0 = Debug|x64
		{CF9D4423-75C4-4735-83E9-59FD972BA580}.Debug|x86.ActiveCfg = Debug|Win32
		{CF9D4423-75C4-4735-83E9-59FD972BA580}.Debug|x86.Build.0 = Debug|Win32
		{CF9D4423-75C4-4735-83E9-59FD972BA580}.Release|x64.ActiveCfg = Release|x64
		{CF9D4423-75C4-4735-83E9-59FD972BA580}.Release|x64.Build.0 = Release|x64
		{CF9D4423-75C4-4735-83E9-59FD972BA580}.Release|x86.ActiveCfg = Release|Win32
		{CF9D4423-75C4-4735-83E9-59FD972BA580}.Release|x86.Build.0 = Release|Win32
		{60815238-ED86-41FB-AF54-90EBB3C22E4C}.Debug|x64.ActiveCfg = Debug|x64
		{60815238-ED86-41FB-AF54-90EBB3C22E4C}.Debug|x64.Build.0 = Debug|x64
		{60815238-ED86-41FB-AF54-90EBB3C22E4C}.Debug|x86.ActiveCfg = Debug|Win32
		{60815238-ED86-41FB-AF54-90EBB3C22E4C}.Debug|x86.Build.0 = Debug|Win32
		{60815238-ED86-41FB-AF54-90EBB3C22E4C}.Release|x64.ActiveCfg = Release|x64
		{60815238-ED86-41FB-AF54-90EBB3C22E4C}.Release|x64.Build.0 = Release|x64
		{60815238-ED86-41FB-AF54-90EBB3C22E4C}.Release|x86.ActiveCfg = Release|Win32
		{60815238-ED86-41FB-AF54-90EBB3C22E4C}.Release|x86.Build.0 = Release|Win32
		{7EE3B1F1-4358-4705-B732-22B601F4DD48}.Debug|x64.ActiveCfg = Debug|x64
		{7EE3B1F1-4358-4705-B732-22B601F4DD48}.Debug|x64.Build.0 = Debug|x64
		{7EE3B1F1-4358-4705-B732-22B601F4DD48}.Debug|x86.ActiveCfg = Debug|Win32
		{7EE3B1F1-4358-4705-B732-22B601F4DD48}.Debug|x86.Build.0 = Debug|Win32
		{7EE3B1F1-4358-4705-B732-22B601F4DD48}.Release|x64.ActiveCfg = Release|x64
		{7EE3B1F1-4358-4705-B732-22B601F4DD48}.Release|x64.Build.0 = Release|x64
		{7EE3B1F1-4358-4705-B732-22B601F4DD48}.Release|x86.ActiveCfg = Release|Win32
		{7EE3B1F1-4358-4705-B732-22B601F4DD48}.Release|x86.Build.0 = Release|Win32
		{CCA8C5B0-134B-485B-AFBE-4E6D2D63CD85}.Debug|x64.ActiveCfg = Debug|x64
		{CCA8C5B0-134B-485B-AFBE-4E6D2D63CD85}.Debug|x64.Build.0 = Debug|x64
		{CCA8C5B0-134B-485B-AFBE-4E6D2D63CD85}.Debug|x86.ActiveCfg = Debug|Win32
		{CCA8C5B0-134B-485B-AFBE-4E6D2D63CD85}.Debug|x86.Build.0 = Debug|Win32
		{CCA8C5B0-134B-485B-AFBE-4E6D2D63CD85}.Release|x64.ActiveCfg = Release|x64
		{CCA8C5B0-134B-485B-AFBE-4E6D2D63CD85}.Release|x64.Build.0 = Release|x64
		{CCA8C5B0-134B-485B-AFBE-4E6D2D63CD85}.Release|x86.ActiveCfg = Release|Win32
		{CCA8C5B0-134B-485B-AFBE-4E6D2D63CD85}.Release|x86.Build.0 = Release|Win32
		{7B1E6F7E-3D87-4B50-A465-CFF2AB5E7A3A}.Debug|x64.ActiveCfg = Debug|x64
		{7B1E6F7E-3D87-4B50-A465-CFF2AB5E7A3A}.Debug|x64.Build.0 = Debug|x64
		{7B1E6F7E-3D87-4B50-A465-CFF2AB5E7A3A}.Debug|x86.ActiveCfg = Debug|Win32
		{7B1E6F7E-3D87-4B50-A465-CFF2AB5E7A3A}.Debug|x86.Build.0 = Debug|Win32
		{7B1E6F7E-3D87-4B50-A465-CFF2AB5E7A3A}.Release|x64.ActiveCfg = Release|x64
		{7B1E6F7E-3D87-4B50-A465-CFF2AB5E7A3A}.Release|x64.Build.0 = Release|x64
		{7B1E6F7E-3D87-4B50-A465-CFF2AB5E7A3A}.Release|x86.ActiveCfg = Release|Win32
		{7B1E6F7E-3D87-4B50-A465-CFF2AB5E7A3A}.Release|x86.Build.0 = Release|Win32
		{25515181-0E14-4D20-B38F-12184CF763CF}.Debug|x64.ActiveCfg = Debug|x64
		{25515181-0E14-4D20-B38F-12184CF763CF}.Debug|x64.Build.0 = Debug|x64
		{25515181-0E14-4D20-B38F-12184CF763CF}.Debug|x86.ActiveCfg = Debug|Win32
		{25515181-0E14-4D20-B38F-12184CF763CF}.Debug|x86.Build.0 = Debug|Win32
		{25515181-0E14-4D20-B38F-12184CF763CF}.Release|x64.ActiveCfg = Release|x64
		{25515181-0E14-4D20-B38F-12184CF763CF}.Release|x64.Build.0 = Release|x64
		{25515181-0E14-4D20-B38F-12184CF763CF}.Release|x86.ActiveCfg = Release|Win32
		{25515181-0E14-4D20-B38F-12184CF763CF}.Release|x86.Build.0 = Release|Win32
		{885965D5-566D-47C1-A7B6-D86333F0ED9D}.Debug|x64.ActiveCfg = Debug|x64
		{885965D5-566D-47C1-A7B6-D86333F0ED9D}.Debug|x64.Build.0 = Debug|x64
		{885965D5-566D-47C1-A7B6-D86333F0ED9D}.Debug|x86.ActiveCfg = Debug|Win32
		{885965D5-566D-47C1-A7B6-D86333F0ED9D}.Debug|x86.Build.0 = Debug|Win32
		{885965D5-566D-47C1-A7B6-D86333F0ED9D}.Release|x64.ActiveCfg = Release|x64
		{885965D5-566D-47C1-A7B6-D86333F0ED9D}.Release|x64.Build.0 = Release|x64
		{885965D5-566D-47C1-A7B6-D86333F0ED9D}.Release|x86.ActiveCfg = Release|Win32
		{885965D5-566D-47C1-A7B6-D86333F0ED9D}.Release|x86.Build.0 = Release|Win32
		{F6CB22D1-B2C5-4260-BBA2-8CEBEB5F3D0B}.Debug|x64.ActiveCfg = Debug|x64
		{F6CB22D1-B2C5-4260-BBA2-8CEBEB5F3D0B}.Debug|x64.Build.0 = Debug|x64
		{F6CB22D1-B2C5-4260-BBA2-8CEBEB5F3D0B}.Debug|x86.ActiveCfg = Debug|Win32
		{F6CB22D1-B2C5-4260-BBA2-8CEBEB5F3D0B}.Debug|x86.Build.0 = Debug|Win32
		{F6CB22D1-B2C5-4260-BBA2-8CEBEB5F3D0B}.Release|x64.ActiveCfg = Release|x64
		{F6CB22D1-B2C5-4260-BBA2-8CEBEB5F3D0B}.Release|x64.Build.0 = Release|x64
		{F6CB22D1-B2C5-4260-BBA2-8CEBEB5F3D0B}.Release|x86.ActiveCfg = Release|Win32
		{F6CB22D1-B2C5-4260-BBA2-8CEBEB5F3D0B}.Release|x86.Build.0 = Release|Win32
		{D717BB06-FF1B-4DCB-911B-69B3C33B967C}.Debug|x64.ActiveCfg = Debug|x64
		{D717BB06-FF1B-4DCB-911B-69B3C33B967C}.Debug|x64.Build.0 = Debug|x64
		{D717BB06-FF1B-4DCB-911B-69B3C33B967C}.Debug|x86.ActiveCfg = Debug|Win32
		{D717BB06-FF1B-4DCB-911B-69B3C33B967C}.Debug|x86.Build.0 = Debug|Win32
		{D717BB06-FF1B-4DCB-911B-69B3C33B967C}.Release|x64.ActiveCfg = Release|x64
		{D717BB06-FF1B-4DCB-911B-69B3C33B967C}.Release|x64.Build.0 = Release|x64
		{D717BB06-FF1B-4DCB-911B-69B3C33B967C}.Release|x86.ActiveCfg = Release|Win32
		{D717BB06-FF1B-4DCB-911B-69B3C33B967C}.Release|x86.Build.0 = Release|Win32
		{77C9094A-C9FF-44D3-A84B-6A7355A7981B}.Debug|x64.ActiveCfg = Debug|x64
		{77C9094A-C9FF-44D3-A84B-6A7355A7981B}.Debug|x64.Build.0 = Debug|x64
		{77C9094A-C9FF-44D3-A84B-6A7355A7981B}.Debug|x86.ActiveCfg = Debug|Win32
		{77C9094A-C9FF-44D3-A84B-6A7355A7981B}.Debug|x86.Build.0 = Debug|Win32
		{77C9094A-C9FF-44D3-A84B-6A7355A7981B}.Release|x64.ActiveCfg = Release|x64
		{77C9094A-C9FF-44D3-A84B-6A7355A7981B}.Release|x64.Build.0 = Release|x64
		{77C9094A-C9FF-44D3-A84B-6A7355A7981B}.Release|x86.ActiveCfg = Release|Win32
		{77C9094A-C9FF-44D3-A84B-6A7355A7981B}.Release|x86.Build.0 = Release|Win32
		{ABFF58F8-672B-4D87-A36D-4BCCD7980208}.Debug|x64.ActiveCfg = Debug|x64
		{ABFF58F8-672B-4D87-A36D-4BCCD7980208}.Debug|x64.Build.0 = Debug|x64
		{ABFF58F8-672B-4D87-A36D-4BCCD7980208}.Debug|x86.ActiveCfg = Debug|Win32
		{ABFF58F8-672B-4D87-A36D-4BCCD7980208}.Debug|x86.Build.0 = Debug|Win32
		{ABFF58F8-672B-4D87-A36D-4BCCD7980208}.Release|x64.ActiveCfg = Release|x64
		{ABFF58F8-672B-4D87-A36D-4BCCD7980208}.Release|x64.Build.0 = Release|x64
		{ABFF58F8-672B-4D87-A36D-4BCCD7980208}.Release|x86.ActiveCfg = Release|Win32
		{ABFF58F8-672B-4D87-A36D-4BCCD7980208}.Release|x86.Build.0 = Release|Win32
		{4150A804-E15D-49F9-AD98-F27CDF707333}.Debug|x64.ActiveCfg = Debug|x64
		{4150A804-E15D-49F9-AD98-F27CDF707333}.Debug|x64.Build.0 = Debug|x64
		{4150A804-E15D-49F9-AD98-F27CDF707333}.Debug|x86.ActiveCfg = Debug|Win32
		{4150A804-E15D-49F9-AD98-F27CDF707333}.Debug|x86.Build.0 = Debug|Win32
		{4150A804-E15D-49F9-AD98-F27CDF707333}.Release|x64.ActiveCfg = Release|x64
		{4150A804-E15D-49F9-AD98-F27CDF707333}.Release|x64.Build.0 = Release|x64
		{4150A804-E15D-49F9-AD98-F27CDF707333}.Release|x86.ActiveCfg = Release|Win32
		{4150A804-E15D-49F9-AD98-F27CDF707333}.Release|x86.Build.0 = Release|Win32
		{99FEFE72-3CBD-4E1B-B561-FD7D69026E1E}.Debug|x64.ActiveCfg = Debug|x64
		{99FEFE72-3CBD-4E1B-B561-FD7D69026E1E}.Debug|x64.Build.0 = Debug|x64
		{99FEFE72-3CBD-4E1B-B561-FD7D69026E1E}.Debug|x86.ActiveCfg = Debug|Win32
		{99FEFE72-3CBD-4E1B-B561-FD7D69026E1E}.Debug|x86.Build.0 = Debug|Win32
		{99FEFE72-3CBD-4E1B-B561-FD7D69026E1E}.Release|x64.ActiveCfg = Release|x64
		{99FEFE72-3CBD-4E1B-B561-FD7D69026E1E}.Release|x64.Build.0 = Release|x64
		{99FEFE72-3CBD-4E1B-B561-FD7D69026E1E}.Release|x86.ActiveCfg = Release|Win32
		{99FEFE72-3CBD-4E1B-B561-FD7D69026E1E}.Release|x86.Build.0 = Release|Win32
		{04243ABC-9FE7-4F82-B980-14174FB74516}.Debug|x64.ActiveCfg = Debug|x64
		{04243ABC-9FE7-4F82-B980-14174FB74516}.Debug|x64.Build.0 = Debug|x64
		{04243ABC-9FE7-4F82-B980-14174FB74516}.Debug|x86.ActiveCfg = Debug|Win32
		{04243ABC-9FE7-4F82-B980-14174FB74516}.Debug|x86.Build.0 = Debug|Win32
		{04243ABC-9FE7-4F82-B980-14174FB74516}.Release|x64.ActiveCfg = Release|x64
		{04243ABC-9FE7-4F82-B980-14174FB74516}.Release|x64.Build.0 = Release|x64
		{04243ABC-9FE7-4F82-B980-14174FB74516}.Release|x86.ActiveCfg = Release|Win32
		{04243ABC-9FE7-4F82-B980-14174FB74516}.Release|x86.Build.0 = Release|Win32
		{7447C6C8-49DB-4298-9C5D-71064B15AC3F}.Debug|x64.ActiveCfg = Debug|x64
		{7447C6C8-49DB-4298-9C5D-71064B15AC3F}.Debug|x64.Build.0 = Debug|x64
		{7447C6C8-49DB-4298-9C5D-71064B15AC3F}.Debug|x86.ActiveCfg = Debug|Win32
		{7447C6C8-49DB-4298-9C5D-71064B15AC3F}.Debug|x86.Build.0 = Debug|Win32
		{7447C6C8-49DB-4298-9C5D-71064B15AC3F}.Release|x64.ActiveCfg = Release|x64
		{7447C6C8-49DB-4298-9C5D-71064B15AC3F}.Release|x64.Build.0 = Release|x64
		{7447C6C8-49DB-4298-9C5D-71064B15AC3F}.Release|x86.ActiveCfg = Release|Win32
		{7447C6C8-49DB-4298-9C5D-71064B15AC3F}.Release|x86.Build.0 = Release|Win32
		{036CF041-202C-4481-AD03-0C8437B8EA20}.Debug|x64.ActiveCfg = Debug|x64
		{036CF041-202C-4481-AD03-0C8437B8EA20}.Debug|x64.Build.0 = Debug|x64
		{036CF041-202C-4481-AD03-0C8437B8EA20}.Debug|x86.ActiveCfg = Debug|Win32
		{036CF041-202C-4481-AD03-0C8437B8EA20}.Debug|x86.Build.0 = Debug|Win32
		{036CF041-202C-4481-AD03-0C8437B8EA20}.Release|x64.ActiveCfg = Release|x64
		{036CF041-202C-4481-AD03-0C8437B8EA20}.Release|x64.Build.0 = Release|x64
		{036CF041-202C-4481-AD03-0C8437B8EA20}.Release|x86.ActiveCfg = Release|Win32
		{036CF041-202C-4481-AD03-0C8437B8EA20}.Release|x86.Build.0 = Release|Win32
		{C56A0B6F-C484-48B3-9940-FBA667B58A42}.Debug|x64.ActiveCfg = Debug|x64
		{C56A0B6F-C484-48B3-9940-FBA667B58A42}.Debug|x64.Build.0 = Debug|x64
		{C56A0B6F-C484-48B3-9940-FBA667B58A42}.Debug|x86.ActiveCfg = Debug|Win32
		{C56A0B6F-C484-48B3-9940-FBA667B58A42}.Debug|x86.Build.0 = Debug|Win32
		{C56A0B6F-C484-48B3-9940-FBA667B58A42}.Release|x64.ActiveCfg = Release|x64
		{C56A0B6F-C484-48B3-9940-FBA667B58A42}.Release|x64.Build.0 = Release|x64
		{C56A0B6F-C484-48B3-9940-FBA667B58A42}.Release|x86.ActiveCfg = Release|Win32
		{C56A0B6F-C484-48B3-9940-FBA667B58A42}.Release|x86.Build.0 = Release|Win32
		{B548FCA9-3E59-4FB3-AA00-AE0DABC8A259}.Debug|x64.ActiveCfg = Debug|x64
		{B548FCA9-3E59-4FB3-AA00-AE0DABC8A259}.Debug|x64.Build.0 = Debug|x64
		{B548FCA9-3E59-4FB3-AA00-AE0DABC8A259}.Debug|x86.ActiveCfg = Debug|Win32
		{B548FCA9-3E59-4FB3-AA00-AE0DABC8A259}.Debug|x86.Build.0 = Debug|Win32
		{B548FCA9-3E59-4FB3-AA00-AE0DABC8A259}.Release|x64.ActiveCfg = Release|x64
		{B548FCA9-3E59-4FB3-AA00-AE0DABC8A259}.Release|x64.Build.0 = Release|x64
		{B548FCA9-3E59-4FB3-AA00-AE0DABC8A259}.Release|x86.ActiveCfg = Release|Win32
		{B548FCA9-3E59-4FB3-AA00-AE0DABC8A259}.Release|x86.Build.0 = Release|Win32
		{19D88306-31B3-408F-BD9A-1C163B0BFECB}.Debug|x64.ActiveCfg = Debug|x64
		{19D88306-31B3-408F-BD9A-1C163B0BFECB}.Debug|x64.Build.0 = Debug|x64
		{19D88306-31B3-408F-BD9A-1C163B0BFECB}.Debug|x86.ActiveCfg = Debug|Win32
		{19D88306-31B3-408F-BD9A-1C163B0BFECB}.Debug|x86.Build.0 = Debug|Win32
		{19D88306-31B3-408F-BD9A-1C163B0BFECB}.Release|x64.ActiveCfg = Release|x64
		{19D88306-31B3-408F-BD9A-1C163B0BFECB}.Release|x64.Build.0 = Release|x64
		{19D88306-31B3-408F-BD9A-1C163B0BFECB}.Release|x86.ActiveCfg = Release|Win32
		{19D88306-31B3-408F-BD9A-1C163B0BFECB}.Release|x86.Build.0 = Release|Win32
		{108FA7E5-1E2D-4BC4-AB5A-5893B3BA4860}.Debug|x64.ActiveCfg = Debug|x64
		{108FA7E5-1E2D-4BC4-AB5A-5893B3BA4860}.Debug|x64.Build.0 = Debug|x64
		{108FA7E5-1E2D-4BC4-AB5A-5893B3BA4860}.Debug|x86.ActiveCfg = Debug|Win32
		{108FA7E5-1E2D-4BC4-AB5A-5893B3BA4860}.Debug|x86.Build.0 = Debug|Win32
		{108FA7E5-1E2D-4BC4-AB5A-5893B3BA4860}.Release|x64.ActiveCfg = Release|x64
		{108FA7E5-1E2D-4BC4-AB5A-5893B3BA4860}.Release|x64.Build.0 = Release|x64
		{108FA7E5-1E2D-4BC4-AB5A-5893B3BA4860}.Release|x86.ActiveCfg = Release|Win32
		{108FA7E5-1E2D-4BC4-AB5A-5893B3BA4860}.Release|x86.Build.0 = Release|Win32
	EndGlobalSection
	GlobalSection(SolutionProperties) = preSolution
		HideSolutionNode = FALSE
	EndGlobalSection
	GlobalSection(ExtensibilityGlobals) = postSolution
		SolutionGuid = {2449A930-5471-4ACE-B067-EB7B7097CFE0}
	EndGlobalSection
EndGlobal
